
Microsoft Visual Studio Solution File, Format Version 12.00
# Visual Studio Version 16
VisualStudioVersion = 16.0.30717.126
MinimumVisualStudioVersion = 10.0.40219.1
Project("{FAE04EC0-301F-11D3-BF4B-00C04F79EFBC}") = "APPSERVICE", "APPSERVICE\APPSERVICE.csproj", "{40ED3BD8-E972-48CF-813F-AA25CD8D7414}"
EndProject
Project("{FAE04EC0-301F-11D3-BF4B-00C04F79EFBC}") = "DAL", "DAL\DAL.csproj", "{31951E11-FC68-4EDA-8621-C01768745782}"
EndProject
Global
	GlobalSection(SolutionConfigurationPlatforms) = preSolution
		Debug|Any CPU = Debug|Any CPU
		Release|Any CPU = Release|Any CPU
	EndGlobalSection
	GlobalSection(ProjectConfigurationPlatforms) = postSolution
		{40ED3BD8-E972-48CF-813F-AA25CD8D7414}.Debug|Any CPU.ActiveCfg = Debug|Any CPU
		{40ED3BD8-E972-48CF-813F-AA25CD8D7414}.Debug|Any CPU.Build.0 = Debug|Any CPU
		{40ED3BD8-E972-48CF-813F-AA25CD8D7414}.Release|Any CPU.ActiveCfg = Release|Any CPU
		{40ED3BD8-E972-48CF-813F-AA25CD8D7414}.Release|Any CPU.Build.0 = Release|Any CPU
		{31951E11-FC68-4EDA-8621-C01768745782}.Debug|Any CPU.ActiveCfg = Debug|Any CPU
		{31951E11-FC68-4EDA-8621-C01768745782}.Debug|Any CPU.Build.0 = Debug|Any CPU
		{31951E11-FC68-4EDA-8621-C01768745782}.Release|Any CPU.ActiveCfg = Release|Any CPU
		{31951E11-FC68-4EDA-8621-C01768745782}.Release|Any CPU.Build.0 = Release|Any CPU
	EndGlobalSection
	GlobalSection(SolutionProperties) = preSolution
		HideSolutionNode = FALSE
	EndGlobalSection
	GlobalSection(ExtensibilityGlobals) = postSolution
		SolutionGuid = {9AB61FA7-6B72-451E-99C1-6B21D7AFF537}
	EndGlobalSection
EndGlobal
